<?xml version="1.0" encoding="utf-8"?>
<Project ToolsVersion="4.0" xmlns="http://schemas.microsoft.com/developer/msbuild/2003">
  <ItemGroup>
    <Filter Include="Source Files">
      <UniqueIdentifier>{4FC737F1-C7A5-4376-A066-2A32D752A2FF}</UniqueIdentifier>
      <Extensions>cpp;c;cc;cxx;def;odl;idl;hpj;bat;asm;asmx</Extensions>
    </Filter>
    <Filter Include="Header Files">
      <UniqueIdentifier>{93995380-89BD-4b04-88EB-625FBE52EBFB}</UniqueIdentifier>
      <Extensions>h;hpp;hxx;hm;inl;inc;xsd</Extensions>
    </Filter>
    <Filter Include="Resource Files">
      <UniqueIdentifier>{67DA6AB6-F800-4c08-8B7A-83BB121AAD01}</UniqueIdentifier>
      <Extensions>rc;ico;cur;bmp;dlg;rc2;rct;bin;rgs;gif;jpg;jpeg;jpe;resx;tiff;tif;png;wav;mfcribbon-ms</Extensions>
    </Filter>
    <Filter Include="_core">
      <UniqueIdentifier>{acb92b2b-b2e5-443e-abc1-3c86309fe22c}</UniqueIdentifier>
    </Filter>
    <Filter Include="_libraries">
      <UniqueIdentifier>{d5c91e9c-3d26-4479-a575-bb1a8364e190}</UniqueIdentifier>
    </Filter>
    <Filter Include="_libraries\EEPROM">
      <UniqueIdentifier>{00bfd801-1eaa-4cf6-9403-3c0f498a1696}</UniqueIdentifier>
    </Filter>
    <Filter Include="_libraries\ER-TFTM043-3">
      <UniqueIdentifier>{e45537b1-ac4b-47bf-bc64-99ae06395da0}</UniqueIdentifier>
    </Filter>
    <Filter Include="_libraries\Kemper">
      <UniqueIdentifier>{f82344da-7a66-43f2-af13-c516c41f5c24}</UniqueIdentifier>
    </Filter>
    <Filter Include="_libraries\MemoryFree">
      <UniqueIdentifier>{43c8ff3d-bffb-44bd-9491-64746fe4376c}</UniqueIdentifier>
    </Filter>
    <Filter Include="_libraries\MIDI">
      <UniqueIdentifier>{adefa072-0171-4f22-9ba2-325707856d12}</UniqueIdentifier>
    </Filter>
    <Filter Include="_libraries\MultiButton">
      <UniqueIdentifier>{2207a2fa-9f5a-48f8-b958-6d3556903ce2}</UniqueIdentifier>
    </Filter>
    <Filter Include="_libraries\SPI">
      <UniqueIdentifier>{62c4d52e-0123-4dc2-9db2-9de93bd2b436}</UniqueIdentifier>
    </Filter>
    <Filter Include="_libraries\Tlc5940">
      <UniqueIdentifier>{8891b541-940c-4f2c-866b-323d9184f14a}</UniqueIdentifier>
    </Filter>
  </ItemGroup>
  <ItemGroup>
    <ClInclude Include="__vm\.KemperRemoteDIYArduino.vsarduino.h">
      <Filter>Header Files</Filter>
    </ClInclude>
    <ClInclude Include="..\libraries\Kemper\AbstractDisplay.h">
      <Filter>Header Files</Filter>
    </ClInclude>
    <ClInclude Include="..\libraries\Kemper\AbstractDisplaySerializer.h">
      <Filter>Header Files</Filter>
    </ClInclude>
    <ClInclude Include="..\libraries\Kemper\AbstractKemper.h">
      <Filter>Header Files</Filter>
    </ClInclude>
    <ClInclude Include="..\libraries\Kemper\ExpressionPedal.h">
      <Filter>Header Files</Filter>
    </ClInclude>
    <ClInclude Include="..\libraries\Kemper\Kemper.h">
      <Filter>Header Files</Filter>
    </ClInclude>
    <ClInclude Include="..\libraries\Kemper\Kemper_namespace.h">
      <Filter>Header Files</Filter>
    </ClInclude>
    <ClInclude Include="..\libraries\Kemper\KemperRemote.h">
      <Filter>Header Files</Filter>
    </ClInclude>
    <ClInclude Include="..\libraries\Kemper\KemperRemoteDisplay.h">
      <Filter>Header Files</Filter>
    </ClInclude>
    <ClInclude Include="..\libraries\Kemper\Stomp.h">
      <Filter>Header Files</Filter>
    </ClInclude>
    <ClInclude Include="..\libraries\Kemper\Utils.h">
      <Filter>Header Files</Filter>
    </ClInclude>
    <ClInclude Include="..\libraries\Kemper\VirtualDisplay.h">
      <Filter>Header Files</Filter>
    </ClInclude>
    <ClInclude Include="..\libraries\Kemper\VirtualDisplaySerializer.h">
      <Filter>Header Files</Filter>
    </ClInclude>
    <ClInclude Include="..\libraries\Kemper\Stomp_consts.h">
      <Filter>Header Files</Filter>
    </ClInclude>
    <ClInclude Include="C:\Program Files (x86)\Arduino\hardware\arduino\avr\cores\arduino\Arduino.h">
      <Filter>_core</Filter>
    </ClInclude>
    <ClInclude Include="C:\Program Files (x86)\Arduino\hardware\arduino\avr\cores\arduino\binary.h">
      <Filter>_core</Filter>
    </ClInclude>
    <ClInclude Include="C:\Program Files (x86)\Arduino\hardware\arduino\avr\cores\arduino\Client.h">
      <Filter>_core</Filter>
    </ClInclude>
    <ClInclude Include="C:\Program Files (x86)\Arduino\hardware\arduino\avr\cores\arduino\HardwareSerial.h">
      <Filter>_core</Filter>
    </ClInclude>
    <ClInclude Include="C:\Program Files (x86)\Arduino\hardware\arduino\avr\cores\arduino\HardwareSerial_private.h">
      <Filter>_core</Filter>
    </ClInclude>
    <ClInclude Include="C:\Program Files (x86)\Arduino\hardware\arduino\avr\cores\arduino\IPAddress.h">
      <Filter>_core</Filter>
    </ClInclude>
    <ClInclude Include="C:\Program Files (x86)\Arduino\hardware\arduino\avr\cores\arduino\new.h">
      <Filter>_core</Filter>
    </ClInclude>
    <ClInclude Include="C:\Program Files (x86)\Arduino\hardware\arduino\avr\cores\arduino\Print.h">
      <Filter>_core</Filter>
    </ClInclude>
    <ClInclude Include="C:\Program Files (x86)\Arduino\hardware\arduino\avr\cores\arduino\Printable.h">
      <Filter>_core</Filter>
    </ClInclude>
    <ClInclude Include="C:\Program Files (x86)\Arduino\hardware\arduino\avr\cores\arduino\Server.h">
      <Filter>_core</Filter>
    </ClInclude>
    <ClInclude Include="C:\Program Files (x86)\Arduino\hardware\arduino\avr\cores\arduino\Stream.h">
      <Filter>_core</Filter>
    </ClInclude>
    <ClInclude Include="C:\Program Files (x86)\Arduino\hardware\arduino\avr\cores\arduino\Udp.h">
      <Filter>_core</Filter>
    </ClInclude>
    <ClInclude Include="C:\Program Files (x86)\Arduino\hardware\arduino\avr\cores\arduino\USBAPI.h">
      <Filter>_core</Filter>
    </ClInclude>
    <ClInclude Include="C:\Program Files (x86)\Arduino\hardware\arduino\avr\cores\arduino\USBCore.h">
      <Filter>_core</Filter>
    </ClInclude>
    <ClInclude Include="C:\Program Files (x86)\Arduino\hardware\arduino\avr\cores\arduino\USBDesc.h">
      <Filter>_core</Filter>
    </ClInclude>
    <ClInclude Include="C:\Program Files (x86)\Arduino\hardware\arduino\avr\cores\arduino\WCharacter.h">
      <Filter>_core</Filter>
    </ClInclude>
    <ClInclude Include="C:\Program Files (x86)\Arduino\hardware\arduino\avr\cores\arduino\wiring_private.h">
      <Filter>_core</Filter>
    </ClInclude>
    <ClInclude Include="C:\Program Files (x86)\Arduino\hardware\arduino\avr\cores\arduino\WString.h">
      <Filter>_core</Filter>
    </ClInclude>
    <ClInclude Include="C:\Program Files (x86)\Arduino\hardware\arduino\avr\variants\mega\pins_arduino.h">
      <Filter>_core</Filter>
    </ClInclude>
    <ClInclude Include="C:\Program Files (x86)\Arduino\hardware\arduino\avr\libraries\EEPROM\EEPROM.h">
      <Filter>_libraries\EEPROM</Filter>
    </ClInclude>
    <ClInclude Include="..\libraries\ER-TFTM043-3\RA8875.h">
      <Filter>_libraries\ER-TFTM043-3</Filter>
    </ClInclude>
    <ClInclude Include="..\libraries\MemoryFree\MemoryFree.h">
      <Filter>_libraries\MemoryFree</Filter>
    </ClInclude>
    <ClInclude Include="..\libraries\MIDI\MIDI.h">
      <Filter>_libraries\MIDI</Filter>
    </ClInclude>
    <ClInclude Include="..\libraries\MIDI\midi_Defs.h">
      <Filter>_libraries\MIDI</Filter>
    </ClInclude>
    <ClInclude Include="..\libraries\MIDI\midi_Message.h">
      <Filter>_libraries\MIDI</Filter>
    </ClInclude>
    <ClInclude Include="..\libraries\MIDI\midi_Namespace.h">
      <Filter>_libraries\MIDI</Filter>
    </ClInclude>
    <ClInclude Include="..\libraries\MIDI\midi_Settings.h">
      <Filter>_libraries\MIDI</Filter>
    </ClInclude>
    <ClInclude Include="..\libraries\MultiButton\MultiButton.h">
      <Filter>_libraries\MultiButton</Filter>
    </ClInclude>
    <ClInclude Include="C:\Program Files (x86)\Arduino\hardware\arduino\avr\libraries\SPI\SPI.h">
      <Filter>_libraries\SPI</Filter>
    </ClInclude>
    <ClInclude Include="..\libraries\Tlc5940\Tlc5940.h">
      <Filter>_libraries\Tlc5940</Filter>
    </ClInclude>
    <ClInclude Include="..\libraries\Tlc5940\tlc_animations.h">
      <Filter>_libraries\Tlc5940</Filter>
    </ClInclude>
    <ClInclude Include="..\libraries\Tlc5940\tlc_config.h">
      <Filter>_libraries\Tlc5940</Filter>
    </ClInclude>
    <ClInclude Include="..\libraries\Tlc5940\tlc_fades.h">
      <Filter>_libraries\Tlc5940</Filter>
    </ClInclude>
    <ClInclude Include="..\libraries\Tlc5940\tlc_progmem_utils.h">
      <Filter>_libraries\Tlc5940</Filter>
    </ClInclude>
    <ClInclude Include="..\libraries\Tlc5940\tlc_servos.h">
      <Filter>_libraries\Tlc5940</Filter>
    </ClInclude>
    <ClInclude Include="..\libraries\Tlc5940\tlc_shifts.h">
      <Filter>_libraries\Tlc5940</Filter>
    </ClInclude>
    <ClInclude Include="Display_ER_RA8875.h">
      <Filter>Header Files</Filter>
    </ClInclude>
  </ItemGroup>
  <ItemGroup>
    <None Include="KemperRemoteDIYArduino.ino" />
    <None Include="Display_ER_RA8875.ino">
      <Filter>Source Files</Filter>
    </None>
  </ItemGroup>
  <ItemGroup>
    <ClCompile Include="C:\Program Files (x86)\Arduino\hardware\arduino\avr\cores\arduino\abi.cpp">
      <Filter>_core</Filter>
    </ClCompile>
    <ClCompile Include="C:\Program Files (x86)\Arduino\hardware\arduino\avr\cores\arduino\CDC.cpp">
      <Filter>_core</Filter>
    </ClCompile>
    <ClCompile Include="C:\Program Files (x86)\Arduino\hardware\arduino\avr\cores\arduino\HardwareSerial.cpp">
      <Filter>_core</Filter>
    </ClCompile>
    <ClCompile Include="C:\Program Files (x86)\Arduino\hardware\arduino\avr\cores\arduino\HardwareSerial0.cpp">
      <Filter>_core</Filter>
    </ClCompile>
    <ClCompile Include="C:\Program Files (x86)\Arduino\hardware\arduino\avr\cores\arduino\HardwareSerial1.cpp">
      <Filter>_core</Filter>
    </ClCompile>
    <ClCompile Include="C:\Program Files (x86)\Arduino\hardware\arduino\avr\cores\arduino\HardwareSerial2.cpp">
      <Filter>_core</Filter>
    </ClCompile>
    <ClCompile Include="C:\Program Files (x86)\Arduino\hardware\arduino\avr\cores\arduino\HardwareSerial3.cpp">
      <Filter>_core</Filter>
    </ClCompile>
    <ClCompile Include="C:\Program Files (x86)\Arduino\hardware\arduino\avr\cores\arduino\HID.cpp">
      <Filter>_core</Filter>
    </ClCompile>
    <ClCompile Include="C:\Program Files (x86)\Arduino\hardware\arduino\avr\cores\arduino\hooks.c">
      <Filter>_core</Filter>
    </ClCompile>
    <ClCompile Include="C:\Program Files (x86)\Arduino\hardware\arduino\avr\cores\arduino\IPAddress.cpp">
      <Filter>_core</Filter>
    </ClCompile>
    <ClCompile Include="C:\Program Files (x86)\Arduino\hardware\arduino\avr\cores\arduino\main.cpp">
      <Filter>_core</Filter>
    </ClCompile>
    <ClCompile Include="C:\Program Files (x86)\Arduino\hardware\arduino\avr\cores\arduino\new.cpp">
      <Filter>_core</Filter>
    </ClCompile>
    <ClCompile Include="C:\Program Files (x86)\Arduino\hardware\arduino\avr\cores\arduino\Print.cpp">
      <Filter>_core</Filter>
    </ClCompile>
    <ClCompile Include="C:\Program Files (x86)\Arduino\hardware\arduino\avr\cores\arduino\Stream.cpp">
      <Filter>_core</Filter>
    </ClCompile>
    <ClCompile Include="C:\Program Files (x86)\Arduino\hardware\arduino\avr\cores\arduino\Tone.cpp">
      <Filter>_core</Filter>
    </ClCompile>
    <ClCompile Include="C:\Program Files (x86)\Arduino\hardware\arduino\avr\cores\arduino\USBCore.cpp">
      <Filter>_core</Filter>
    </ClCompile>
    <ClCompile Include="C:\Program Files (x86)\Arduino\hardware\arduino\avr\cores\arduino\WInterrupts.c">
      <Filter>_core</Filter>
    </ClCompile>
    <ClCompile Include="C:\Program Files (x86)\Arduino\hardware\arduino\avr\cores\arduino\wiring.c">
      <Filter>_core</Filter>
    </ClCompile>
    <ClCompile Include="C:\Program Files (x86)\Arduino\hardware\arduino\avr\cores\arduino\wiring_analog.c">
      <Filter>_core</Filter>
    </ClCompile>
    <ClCompile Include="C:\Program Files (x86)\Arduino\hardware\arduino\avr\cores\arduino\wiring_digital.c">
      <Filter>_core</Filter>
    </ClCompile>
    <ClCompile Include="C:\Program Files (x86)\Arduino\hardware\arduino\avr\cores\arduino\wiring_pulse.c">
      <Filter>_core</Filter>
    </ClCompile>
    <ClCompile Include="C:\Program Files (x86)\Arduino\hardware\arduino\avr\cores\arduino\wiring_shift.c">
      <Filter>_core</Filter>
    </ClCompile>
    <ClCompile Include="C:\Program Files (x86)\Arduino\hardware\arduino\avr\cores\arduino\WMath.cpp">
      <Filter>_core</Filter>
    </ClCompile>
    <ClCompile Include="C:\Program Files (x86)\Arduino\hardware\arduino\avr\cores\arduino\WString.cpp">
      <Filter>_core</Filter>
    </ClCompile>
    <ClCompile Include="..\libraries\ER-TFTM043-3\RA8875.cpp">
      <Filter>_libraries\ER-TFTM043-3</Filter>
    </ClCompile>
    <ClCompile Include="..\libraries\Kemper\AbstractDisplay.cpp">
      <Filter>_libraries\Kemper</Filter>
    </ClCompile>
    <ClCompile Include="..\libraries\Kemper\AbstractKemper.cpp">
      <Filter>_libraries\Kemper</Filter>
    </ClCompile>
    <ClCompile Include="..\libraries\Kemper\Display_ER_RA8875.cpp">
      <Filter>_libraries\Kemper</Filter>
    </ClCompile>
    <ClCompile Include="..\libraries\Kemper\ExpressionPedal.cpp">
      <Filter>_libraries\Kemper</Filter>
    </ClCompile>
    <ClCompile Include="..\libraries\Kemper\Kemper.cpp">
      <Filter>_libraries\Kemper</Filter>
    </ClCompile>
    <ClCompile Include="..\libraries\Kemper\KemperRemote.cpp">
      <Filter>_libraries\Kemper</Filter>
    </ClCompile>
    <ClCompile Include="..\libraries\Kemper\KemperRemoteDisplay.cpp">
      <Filter>_libraries\Kemper</Filter>
    </ClCompile>
    <ClCompile Include="..\libraries\Kemper\Stomp.cpp">
      <Filter>_libraries\Kemper</Filter>
    </ClCompile>
    <ClCompile Include="..\libraries\Kemper\Utils.cpp">
      <Filter>_libraries\Kemper</Filter>
    </ClCompile>
    <ClCompile Include="..\libraries\Kemper\VirtualDisplay.cpp">
      <Filter>_libraries\Kemper</Filter>
    </ClCompile>
    <ClCompile Include="..\libraries\Kemper\VirtualDisplaySerializer.cpp">
      <Filter>_libraries\Kemper</Filter>
    </ClCompile>
    <ClCompile Include="..\libraries\MemoryFree\MemoryFree.cpp">
      <Filter>_libraries\MemoryFree</Filter>
    </ClCompile>
    <ClCompile Include="..\libraries\MIDI\MIDI.cpp">
      <Filter>_libraries\MIDI</Filter>
    </ClCompile>
    <ClCompile Include="..\libraries\MultiButton\MultiButton.cpp">
      <Filter>_libraries\MultiButton</Filter>
    </ClCompile>
    <ClCompile Include="C:\Program Files (x86)\Arduino\hardware\arduino\avr\libraries\SPI\SPI.cpp">
      <Filter>_libraries\SPI</Filter>
    </ClCompile>
    <ClCompile Include="..\libraries\Tlc5940\Tlc5940.cpp">
      <Filter>_libraries\Tlc5940</Filter>
    </ClCompile>
  </ItemGroup>
</Project>